
Microsoft Visual Studio Solution File, Format Version 15.00
# Visual Studio 2017
Project("{FAE04EC0-301F-11D3-BF4B-00C04F79EFBC}") = "domain", "domain\domain.csproj", "{7A86A6E7-A1B7-417E-80B8-B3D26A20A003}"
EndProject
Project("{FAE04EC0-301F-11D3-BF4B-00C04F79EFBC}") = "test", "test\test.csproj", "{0492471D-8FE5-4DD8-A3C0-48F8142B1BCD}"
EndProject
Project("{FAE04EC0-301F-11D3-BF4B-00C04F79EFBC}") = "cli", "cli\cli.csproj", "{015C54DF-A616-4791-A8F5-40E78BF6575A}"
EndProject
Project("{FAE04EC0-301F-11D3-BF4B-00C04F79EFBC}") = "web", "web\web.csproj", "{6C9B1481-B048-4E19-882A-E454A8403773}"
EndProject
Global
	GlobalSection(SolutionConfigurationPlatforms) = preSolution
		Debug|Any CPU = Debug|Any CPU
		Release|Any CPU = Release|Any CPU
		Debug|x64 = Debug|x64
		Debug|x86 = Debug|x86
		Release|x64 = Release|x64
		Release|x86 = Release|x86
	EndGlobalSection
	GlobalSection(ProjectConfigurationPlatforms) = postSolution
		{7A86A6E7-A1B7-417E-80B8-B3D26A20A003}.Debug|Any CPU.ActiveCfg = Debug|Any CPU
		{7A86A6E7-A1B7-417E-80B8-B3D26A20A003}.Debug|Any CPU.Build.0 = Debug|Any CPU
		{7A86A6E7-A1B7-417E-80B8-B3D26A20A003}.Release|Any CPU.ActiveCfg = Release|Any CPU
		{7A86A6E7-A1B7-417E-80B8-B3D26A20A003}.Release|Any CPU.Build.0 = Release|Any CPU
		{0492471D-8FE5-4DD8-A3C0-48F8142B1BCD}.Debug|Any CPU.ActiveCfg = Debug|Any CPU
		{0492471D-8FE5-4DD8-A3C0-48F8142B1BCD}.Debug|Any CPU.Build.0 = Debug|Any CPU
		{0492471D-8FE5-4DD8-A3C0-48F8142B1BCD}.Release|Any CPU.ActiveCfg = Release|Any CPU
		{0492471D-8FE5-4DD8-A3C0-48F8142B1BCD}.Release|Any CPU.Build.0 = Release|Any CPU
		{015C54DF-A616-4791-A8F5-40E78BF6575A}.Debug|Any CPU.ActiveCfg = Debug|Any CPU
		{015C54DF-A616-4791-A8F5-40E78BF6575A}.Debug|Any CPU.Build.0 = Debug|Any CPU
		{015C54DF-A616-4791-A8F5-40E78BF6575A}.Release|Any CPU.ActiveCfg = Release|Any CPU
		{015C54DF-A616-4791-A8F5-40E78BF6575A}.Release|Any CPU.Build.0 = Release|Any CPU
		{6C9B1481-B048-4E19-882A-E454A8403773}.Debug|Any CPU.ActiveCfg = Debug|Any CPU
		{6C9B1481-B048-4E19-882A-E454A8403773}.Debug|Any CPU.Build.0 = Debug|Any CPU
		{6C9B1481-B048-4E19-882A-E454A8403773}.Debug|x64.ActiveCfg = Debug|x64
		{6C9B1481-B048-4E19-882A-E454A8403773}.Debug|x64.Build.0 = Debug|x64
		{6C9B1481-B048-4E19-882A-E454A8403773}.Debug|x86.ActiveCfg = Debug|x86
		{6C9B1481-B048-4E19-882A-E454A8403773}.Debug|x86.Build.0 = Debug|x86
		{6C9B1481-B048-4E19-882A-E454A8403773}.Release|Any CPU.ActiveCfg = Release|Any CPU
		{6C9B1481-B048-4E19-882A-E454A8403773}.Release|Any CPU.Build.0 = Release|Any CPU
		{6C9B1481-B048-4E19-882A-E454A8403773}.Release|x64.ActiveCfg = Release|x64
		{6C9B1481-B048-4E19-882A-E454A8403773}.Release|x64.Build.0 = Release|x64
		{6C9B1481-B048-4E19-882A-E454A8403773}.Release|x86.ActiveCfg = Release|x86
		{6C9B1481-B048-4E19-882A-E454A8403773}.Release|x86.Build.0 = Release|x86
	EndGlobalSection
EndGlobal
